
Microsoft Visual Studio Solution File, Format Version 12.00
# Visual Studio Version 16
VisualStudioVersion = 16.0.30002.166
MinimumVisualStudioVersion = 10.0.40219.1
Project("{FAE04EC0-301F-11D3-BF4B-00C04F79EFBC}") = "ConsoleAppHelloWorld", "ConsoleAppHelloWorld\ConsoleAppHelloWorld.csproj", "{EE67D157-05E3-44A8-8AEC-3F932ED14FAA}"
EndProject
Global
	GlobalSection(SolutionConfigurationPlatforms) = preSolution
		Debug|Any CPU = Debug|Any CPU
		Release|Any CPU = Release|Any CPU
	EndGlobalSection
	GlobalSection(ProjectConfigurationPlatforms) = postSolution
		{EE67D157-05E3-44A8-8AEC-3F932ED14FAA}.Debug|Any CPU.ActiveCfg = Debug|Any CPU
		{EE67D157-05E3-44A8-8AEC-3F932ED14FAA}.Debug|Any CPU.Build.0 = Debug|Any CPU
		{EE67D157-05E3-44A8-8AEC-3F932ED14FAA}.Release|Any CPU.ActiveCfg = Release|Any CPU
		{EE67D157-05E3-44A8-8AEC-3F932ED14FAA}.Release|Any CPU.Build.0 = Release|Any CPU
	EndGlobalSection
	GlobalSection(SolutionProperties) = preSolution
		HideSolutionNode = FALSE
	EndGlobalSection
	GlobalSection(ExtensibilityGlobals) = postSolution
		SolutionGuid = {A8087594-AFB4-4C5B-ADEC-088BB1D81C48}
	EndGlobalSection
EndGlobal
